// !$*UTF8*$!
{
	archiveVersion = 1;
	classes = {
	};
	objectVersion = 46;
	objects = {

/* Begin PBXBuildFile section */
		34854C841C9BC52F00C5CE97 /* main.cpp in Sources */ = {isa = PBXBuildFile; fileRef = 34854C831C9BC52F00C5CE97 /* main.cpp */; };
/* End PBXBuildFile section */

/* Begin PBXCopyFilesBuildPhase section */
		34854C7E1C9BC52F00C5CE97 /* CopyFiles */ = {
			isa = PBXCopyFilesBuildPhase;
			buildActionMask = 2147483647;
			dstPath = /usr/share/man/man1/;
			dstSubfolderSpec = 0;
			files = (
			);
			runOnlyForDeploymentPostprocessing = 1;
		};
/* End PBXCopyFilesBuildPhase section */

/* Begin PBXFileReference section */
		34854C801C9BC52F00C5CE97 /* T8 - Yoda Goes Palindromic */ = {isa = PBXFileReference; explicitFileType = "compiled.mach-o.executable"; includeInIndex = 0; path = "T8 - Yoda Goes Palindromic"; sourceTree = BUILT_PRODUCTS_DIR; };
		34854C831C9BC52F00C5CE97 /* main.cpp */ = {isa = PBXFileReference; lastKnownFileType = sourcecode.cpp.cpp; path = main.cpp; sourceTree = "<group>"; };
/* End PBXFileReference section */

/* Begin PBXFrameworksBuildPhase section */
		34854C7D1C9BC52F00C5CE97 /* Frameworks */ = {
			isa = PBXFrameworksBuildPhase;
			buildActionMask = 2147483647;
			files = (
			);
			runOnlyForDeploymentPostprocessing = 0;
		};
/* End PBXFrameworksBuildPhase section */

/* Begin PBXGroup section */
		34854C771C9BC52F00C5CE97 = {
			isa = PBXGroup;
			children = (
				34854C821C9BC52F00C5CE97 /* T8 - Yoda Goes Palindromic */,
				34854C811C9BC52F00C5CE97 /* Products */,
			);
			sourceTree = "<group>";
		};
		34854C811C9BC52F00C5CE97 /* Products */ = {
			isa = PBXGroup;
			children = (
				34854C801C9BC52F00C5CE97 /* T8 - Yoda Goes Palindromic */,
			);
			name = Products;
			sourceTree = "<group>";
		};
		34854C821C9BC52F00C5CE97 /* T8 - Yoda Goes Palindromic */ = {
			isa = PBXGroup;
			children = (
				34854C831C9BC52F00C5CE97 /* main.cpp */,
			);
			path = "T8 - Yoda Goes Palindromic";
			sourceTree = "<group>";
		};
/* End PBXGroup section */

/* Begin PBXNativeTarget section */
		34854C7F1C9BC52F00C5CE97 /* T8 - Yoda Goes Palindromic */ = {
			isa = PBXNativeTarget;
			buildConfigurationList = 34854C871C9BC52F00C5CE97 /* Build configuration list for PBXNativeTarget "T8 - Yoda Goes Palindromic" */;
			buildPhases = (
				34854C7C1C9BC52F00C5CE97 /* Sources */,
				34854C7D1C9BC52F00C5CE97 /* Frameworks */,
				34854C7E1C9BC52F00C5CE97 /* CopyFiles */,
			);
			buildRules = (
			);
			dependencies = (
			);
			name = "T8 - Yoda Goes Palindromic";
			productName = "T8 - Yoda Goes Palindromic";
			productReference = 34854C801C9BC52F00C5CE97 /* T8 - Yoda Goes Palindromic */;
			productType = "com.apple.product-type.tool";
		};
/* End PBXNativeTarget section */

/* Begin PBXProject section */
		34854C781C9BC52F00C5CE97 /* Project object */ = {
			isa = PBXProject;
			attributes = {
				LastUpgradeCheck = 0720;
				ORGANIZATIONNAME = "Melissa Trevino";
				TargetAttributes = {
					34854C7F1C9BC52F00C5CE97 = {
						CreatedOnToolsVersion = 7.2.1;
					};
				};
			};
			buildConfigurationList = 34854C7B1C9BC52F00C5CE97 /* Build configuration list for PBXProject "T8 - Yoda Goes Palindromic" */;
			compatibilityVersion = "Xcode 3.2";
			developmentRegion = English;
			hasScannedForEncodings = 0;
			knownRegions = (
				en,
			);
			mainGroup = 34854C771C9BC52F00C5CE97;
			productRefGroup = 34854C811C9BC52F00C5CE97 /* Products */;
			projectDirPath = "";
			projectRoot = "";
			targets = (
				34854C7F1C9BC52F00C5CE97 /* T8 - Yoda Goes Palindromic */,
			);
		};
/* End PBXProject section */

/* Begin PBXSourcesBuildPhase section */
		34854C7C1C9BC52F00C5CE97 /* Sources */ = {
			isa = PBXSourcesBuildPhase;
			buildActionMask = 2147483647;
			files = (
				34854C841C9BC52F00C5CE97 /* main.cpp in Sources */,
			);
			runOnlyForDeploymentPostprocessing = 0;
		};
/* End PBXSourcesBuildPhase section */

/* Begin XCBuildConfiguration section */
		34854C851C9BC52F00C5CE97 /* Debug */ = {
			isa = XCBuildConfiguration;
			buildSettings = {
				ALWAYS_SEARCH_USER_PATHS = NO;
				CLANG_CXX_LANGUAGE_STANDARD = "gnu++0x";
				CLANG_CXX_LIBRARY = "libc++";
				CLANG_ENABLE_MODULES = YES;
				CLANG_ENABLE_OBJC_ARC = YES;
				CLANG_WARN_BOOL_CONVERSION = YES;
				CLANG_WARN_CONSTANT_CONVERSION = YES;
				CLANG_WARN_DIRECT_OBJC_ISA_USAGE = YES_ERROR;
				CLANG_WARN_EMPTY_BODY = YES;
				CLANG_WARN_ENUM_CONVERSION = YES;
				CLANG_WARN_INT_CONVERSION = YES;
				CLANG_WARN_OBJC_ROOT_CLASS = YES_ERROR;
				CLANG_WARN_UNREACHABLE_CODE = YES;
				CLANG_WARN__DUPLICATE_METHOD_MATCH = YES;
				CODE_SIGN_IDENTITY = "-";
				COPY_PHASE_STRIP = NO;
				DEBUG_INFORMATION_FORMAT = dwarf;
				ENABLE_STRICT_OBJC_MSGSEND = YES;
				ENABLE_TESTABILITY = YES;
				GCC_C_LANGUAGE_STANDARD = gnu99;
				GCC_DYNAMIC_NO_PIC = NO;
				GCC_NO_COMMON_BLOCKS = YES;
				GCC_OPTIMIZATION_LEVEL = 0;
				GCC_PREPROCESSOR_DEFINITIONS = (
					"DEBUG=1",
					"$(inherited)",
				);
				GCC_WARN_64_TO_32_BIT_CONVERSION = YES;
				GCC_WARN_ABOUT_RETURN_TYPE = YES_ERROR;
				GCC_WARN_UNDECLARED_SELECTOR = YES;
				GCC_WARN_UNINITIALIZED_AUTOS = YES_AGGRESSIVE;
				GCC_WARN_UNUSED_FUNCTION = YES;
				GCC_WARN_UNUSED_VARIABLE = YES;
				MACOSX_DEPLOYMENT_TARGET = 10.11;
				MTL_ENABLE_DEBUG_INFO = YES;
				ONLY_ACTIVE_ARCH = YES;
				SDKROOT = macosx;
			};
			name = Debug;
		};
		34854C861C9BC52F00C5CE97 /* Release */ = {
			isa = XCBuildConfiguration;
			buildSettings = {
				ALWAYS_SEARCH_USER_PATHS = NO;
				CLANG_CXX_LANGUAGE_STANDARD = "gnu++0x";
				CLANG_CXX_LIBRARY = "libc++";
				CLANG_ENABLE_MODULES = YES;
				CLANG_ENABLE_OBJC_ARC = YES;
				CLANG_WARN_BOOL_CONVERSION = YES;
				CLANG_WARN_CONSTANT_CONVERSION = YES;
				CLANG_WARN_DIRECT_OBJC_ISA_USAGE = YES_ERROR;
				CLANG_WARN_EMPTY_BODY = YES;
				CLANG_WARN_ENUM_CONVERSION = YES;
				CLANG_WARN_INT_CONVERSION = YES;
				CLANG_WARN_OBJC_ROOT_CLASS = YES_ERROR;
				CLANG_WARN_UNREACHABLE_CODE = YES;
				CLANG_WARN__DUPLICATE_METHOD_MATCH = YES;
				CODE_SIGN_IDENTITY = "-";
				COPY_PHASE_STRIP = NO;
				DEBUG_INFORMATION_FORMAT = "dwarf-with-dsym";
				ENABLE_NS_ASSERTIONS = NO;
				ENABLE_STRICT_OBJC_MSGSEND = YES;
				GCC_C_LANGUAGE_STANDARD = gnu99;
				GCC_NO_COMMON_BLOCKS = YES;
				GCC_WARN_64_TO_32_BIT_CONVERSION = YES;
				GCC_WARN_ABOUT_RETURN_TYPE = YES_ERROR;
				GCC_WARN_UNDECLARED_SELECTOR = YES;
				GCC_WARN_UNINITIALIZED_AUTOS = YES_AGGRESSIVE;
				GCC_WARN_UNUSED_FUNCTION = YES;
				GCC_WARN_UNUSED_VARIABLE = YES;
				MACOSX_DEPLOYMENT_TARGET = 10.11;
				MTL_ENABLE_DEBUG_INFO = NO;
				SDKROOT = macosx;
			};
			name = Release;
		};
		34854C881C9BC52F00C5CE97 /* Debug */ = {
			isa = XCBuildConfiguration;
			buildSettings = {
				PRODUCT_NAME = "$(TARGET_NAME)";
			};
			name = Debug;
		};
		34854C891C9BC52F00C5CE97 /* Release */ = {
			isa = XCBuildConfiguration;
			buildSettings = {
				PRODUCT_NAME = "$(TARGET_NAME)";
			};
			name = Release;
		};
/* End XCBuildConfiguration section */

/* Begin XCConfigurationList section */
		34854C7B1C9BC52F00C5CE97 /* Build configuration list for PBXProject "T8 - Yoda Goes Palindromic" */ = {
			isa = XCConfigurationList;
			buildConfigurations = (
				34854C851C9BC52F00C5CE97 /* Debug */,
				34854C861C9BC52F00C5CE97 /* Release */,
			);
			defaultConfigurationIsVisible = 0;
			defaultConfigurationName = Release;
		};
		34854C871C9BC52F00C5CE97 /* Build configuration list for PBXNativeTarget "T8 - Yoda Goes Palindromic" */ = {
			isa = XCConfigurationList;
			buildConfigurations = (
				34854C881C9BC52F00C5CE97 /* Debug */,
				34854C891C9BC52F00C5CE97 /* Release */,
			);
			defaultConfigurationIsVisible = 0;
		};
/* End XCConfigurationList section */
	};
	rootObject = 34854C781C9BC52F00C5CE97 /* Project object */;
}
